PODS:
  - device_info (0.0.1):
    - Flutter
  - Flutter (1.0.0)
  - nextstory (1.0.0):
    - Flutter

DEPENDENCIES:
  - device_info (from `.symlinks/plugins/device_info/ios`)
  - Flutter (from `Flutter`)
  - nextstory (from `.symlinks/plugins/nextstory/ios`)

EXTERNAL SOURCES:
  device_info:
    :path: ".symlinks/plugins/device_info/ios"
  Flutter:
    :path: Flutter
  nextstory:
    :path: ".symlinks/plugins/nextstory/ios"

SPEC CHECKSUMS:
  device_info: d7d233b645a32c40dfdc212de5cf646ca482f175
  Flutter: 50d75fe2f02b26cc09d224853bb45737f8b3214a
  nextstory: 1e69c37a683896d0be8de756040109814d72c34a

PODFILE CHECKSUM: 7368163408c647b7eb699d0d788ba6718e18fb8d

COCOAPODS: 1.11.2
